# SPDX-License-Identifier: LGPL-2.1-or-later
#
# Upstream revisions this repository builds from source. Written by
# `bump-deps to-head` (LibreSCRS/ci) and held by `bump-deps check`:
# move a row with the tool, never by hand.
#
# <name>  <url>  <commit>
LibreAgent       https://github.com/LibreSCRS/LibreAgent        4019824a2489776eb6f0d6a110291dce4970fd63
